
Microsoft Visual Studio Solution File, Format Version 12.00
Project("{FAE04EC0-301F-11D3-BF4B-00C04F79EFBC}") = "DopeGrid", "DopeGrid\DopeGrid.csproj", "{7EFF96FE-8BEC-475D-8F17-1AD988D5C9A8}"
EndProject
Project("{FAE04EC0-301F-11D3-BF4B-00C04F79EFBC}") = "DopeGrid.Tests", "DopeGrid.Tests\DopeGrid.Tests.csproj", "{066B139E-E814-46C5-A395-7C4FC72AE2C2}"
EndProject
Global
	GlobalSection(SolutionConfigurationPlatforms) = preSolution
		Debug|Any CPU = Debug|Any CPU
		Release|Any CPU = Release|Any CPU
	EndGlobalSection
	GlobalSection(ProjectConfigurationPlatforms) = postSolution
		{7EFF96FE-8BEC-475D-8F17-1AD988D5C9A8}.Debug|Any CPU.ActiveCfg = Debug|Any CPU
		{7EFF96FE-8BEC-475D-8F17-1AD988D5C9A8}.Debug|Any CPU.Build.0 = Debug|Any CPU
		{7EFF96FE-8BEC-475D-8F17-1AD988D5C9A8}.Release|Any CPU.ActiveCfg = Release|Any CPU
		{7EFF96FE-8BEC-475D-8F17-1AD988D5C9A8}.Release|Any CPU.Build.0 = Release|Any CPU
		{066B139E-E814-46C5-A395-7C4FC72AE2C2}.Debug|Any CPU.ActiveCfg = Debug|Any CPU
		{066B139E-E814-46C5-A395-7C4FC72AE2C2}.Debug|Any CPU.Build.0 = Debug|Any CPU
		{066B139E-E814-46C5-A395-7C4FC72AE2C2}.Release|Any CPU.ActiveCfg = Release|Any CPU
		{066B139E-E814-46C5-A395-7C4FC72AE2C2}.Release|Any CPU.Build.0 = Release|Any CPU
	EndGlobalSection
EndGlobal
